
Microsoft Visual Studio Solution File, Format Version 12.00
# Visual Studio Version 17
VisualStudioVersion = 17.9.34622.214
MinimumVisualStudioVersion = 10.0.40219.1
Project("{FAE04EC0-301F-11D3-BF4B-00C04F79EFBC}") = "WebApplication1", "WebApplication1\WebApplication1.csproj", "{CE6C6115-D0AD-475C-BBF5-0D3C8189F1F2}"
EndProject
Global
	GlobalSection(SolutionConfigurationPlatforms) = preSolution
		Debug|Any CPU = Debug|Any CPU
		Release|Any CPU = Release|Any CPU
	EndGlobalSection
	GlobalSection(ProjectConfigurationPlatforms) = postSolution
		{CE6C6115-D0AD-475C-BBF5-0D3C8189F1F2}.Debug|Any CPU.ActiveCfg = Debug|Any CPU
		{CE6C6115-D0AD-475C-BBF5-0D3C8189F1F2}.Debug|Any CPU.Build.0 = Debug|Any CPU
		{CE6C6115-D0AD-475C-BBF5-0D3C8189F1F2}.Release|Any CPU.ActiveCfg = Release|Any CPU
		{CE6C6115-D0AD-475C-BBF5-0D3C8189F1F2}.Release|Any CPU.Build.0 = Release|Any CPU
	EndGlobalSection
	GlobalSection(SolutionProperties) = preSolution
		HideSolutionNode = FALSE
	EndGlobalSection
	GlobalSection(ExtensibilityGlobals) = postSolution
		SolutionGuid = {03CFD2F4-D409-4C84-AAD1-B1AC63E1A1E7}
	EndGlobalSection
EndGlobal
